
Microsoft Visual Studio Solution File, Format Version 12.00
# Visual Studio Version 17
VisualStudioVersion = 17.8.34330.188
MinimumVisualStudioVersion = 10.0.40219.1
Project("{9A19103F-16F7-4668-BE54-9A1E7A4F7556}") = "CurlingRinkManagement.Base", "CurlingRinkManagement.Base\CurlingRinkManagement.Base.csproj", "{F5803B18-A978-446C-8FE7-9E6B5F1C9471}"
EndProject
Project("{FAE04EC0-301F-11D3-BF4B-00C04F79EFBC}") = "CurlingRinkManagement.Base.Business", "CurlingRinkManagement.Base.Business\CurlingRinkManagement.Base.Business.csproj", "{E6CDAB2B-F276-43D8-AF48-3CDC2065732C}"
EndProject
Project("{FAE04EC0-301F-11D3-BF4B-00C04F79EFBC}") = "CurlingRinkManagement.Base.Data", "CurlingRinkManagement.Base.Domain\CurlingRinkManagement.Base.Data.csproj", "{8E16EA4D-9967-4D26-86E7-222CEAF92E41}"
EndProject
Project("{9A19103F-16F7-4668-BE54-9A1E7A4F7556}") = "CurlingRinkManagement.Planner", "CurlingRinkManagement.Planner\CurlingRinkManagement.Planner.csproj", "{061528D1-D717-446B-8B5F-62530EDF33CE}"
EndProject
Project("{9A19103F-16F7-4668-BE54-9A1E7A4F7556}") = "CurlingRinkManagement.Planner.Data", "CurlingRinkManagement.Planner.Data\CurlingRinkManagement.Planner.Data.csproj", "{DDDB1041-3217-4FC9-A6C8-93631E735CEF}"
EndProject
Project("{9A19103F-16F7-4668-BE54-9A1E7A4F7556}") = "CurlingRinkManagement.Planner.Business", "CurlingRinkManagement.Planner.Business\CurlingRinkManagement.Planner.Business.csproj", "{6E698C56-0DE0-40C0-B2CE-017D0F448249}"
EndProject
Global
	GlobalSection(SolutionConfigurationPlatforms) = preSolution
		Debug|Any CPU = Debug|Any CPU
		Release|Any CPU = Release|Any CPU
	EndGlobalSection
	GlobalSection(ProjectConfigurationPlatforms) = postSolution
		{F5803B18-A978-446C-8FE7-9E6B5F1C9471}.Debug|Any CPU.ActiveCfg = Debug|Any CPU
		{F5803B18-A978-446C-8FE7-9E6B5F1C9471}.Debug|Any CPU.Build.0 = Debug|Any CPU
		{F5803B18-A978-446C-8FE7-9E6B5F1C9471}.Release|Any CPU.ActiveCfg = Release|Any CPU
		{F5803B18-A978-446C-8FE7-9E6B5F1C9471}.Release|Any CPU.Build.0 = Release|Any CPU
		{E6CDAB2B-F276-43D8-AF48-3CDC2065732C}.Debug|Any CPU.ActiveCfg = Debug|Any CPU
		{E6CDAB2B-F276-43D8-AF48-3CDC2065732C}.Debug|Any CPU.Build.0 = Debug|Any CPU
		{E6CDAB2B-F276-43D8-AF48-3CDC2065732C}.Release|Any CPU.ActiveCfg = Release|Any CPU
		{E6CDAB2B-F276-43D8-AF48-3CDC2065732C}.Release|Any CPU.Build.0 = Release|Any CPU
		{8E16EA4D-9967-4D26-86E7-222CEAF92E41}.Debug|Any CPU.ActiveCfg = Debug|Any CPU
		{8E16EA4D-9967-4D26-86E7-222CEAF92E41}.Debug|Any CPU.Build.0 = Debug|Any CPU
		{8E16EA4D-9967-4D26-86E7-222CEAF92E41}.Release|Any CPU.ActiveCfg = Release|Any CPU
		{8E16EA4D-9967-4D26-86E7-222CEAF92E41}.Release|Any CPU.Build.0 = Release|Any CPU
		{061528D1-D717-446B-8B5F-62530EDF33CE}.Debug|Any CPU.ActiveCfg = Debug|Any CPU
		{061528D1-D717-446B-8B5F-62530EDF33CE}.Debug|Any CPU.Build.0 = Debug|Any CPU
		{061528D1-D717-446B-8B5F-62530EDF33CE}.Release|Any CPU.ActiveCfg = Release|Any CPU
		{061528D1-D717-446B-8B5F-62530EDF33CE}.Release|Any CPU.Build.0 = Release|Any CPU
		{DDDB1041-3217-4FC9-A6C8-93631E735CEF}.Debug|Any CPU.ActiveCfg = Debug|Any CPU
		{DDDB1041-3217-4FC9-A6C8-93631E735CEF}.Debug|Any CPU.Build.0 = Debug|Any CPU
		{DDDB1041-3217-4FC9-A6C8-93631E735CEF}.Release|Any CPU.ActiveCfg = Release|Any CPU
		{DDDB1041-3217-4FC9-A6C8-93631E735CEF}.Release|Any CPU.Build.0 = Release|Any CPU
		{6E698C56-0DE0-40C0-B2CE-017D0F448249}.Debug|Any CPU.ActiveCfg = Debug|Any CPU
		{6E698C56-0DE0-40C0-B2CE-017D0F448249}.Debug|Any CPU.Build.0 = Debug|Any CPU
		{6E698C56-0DE0-40C0-B2CE-017D0F448249}.Release|Any CPU.ActiveCfg = Release|Any CPU
		{6E698C56-0DE0-40C0-B2CE-017D0F448249}.Release|Any CPU.Build.0 = Release|Any CPU
	EndGlobalSection
	GlobalSection(SolutionProperties) = preSolution
		HideSolutionNode = FALSE
	EndGlobalSection
	GlobalSection(ExtensibilityGlobals) = postSolution
		SolutionGuid = {6E359BC0-1153-4680-B77D-D1A9EE715FC0}
	EndGlobalSection
EndGlobal
